PODS:
  - OPGFeedbackSDKLite (0.1.0)

DEPENDENCIES:
  - OPGFeedbackSDKLite (from `../`)

EXTERNAL SOURCES:
  OPGFeedbackSDKLite:
    :path: ../

SPEC CHECKSUMS:
  OPGFeedbackSDKLite: 84567b9aea15e59b32186ed732f2ecf011dfc172

PODFILE CHECKSUM: 0b30df25eb5eb593e790d8809d30b26f363226b2

COCOAPODS: 1.3.1
