PODS:
  - OPGFeedbackSDKLite (0.1.4)

DEPENDENCIES:
  - OPGFeedbackSDKLite (from `../`)

EXTERNAL SOURCES:
  OPGFeedbackSDKLite:
    :path: "../"

SPEC CHECKSUMS:
  OPGFeedbackSDKLite: 5ef33d0e13f0a372d950ffa3aa27718f20f6accd

PODFILE CHECKSUM: 0b30df25eb5eb593e790d8809d30b26f363226b2

COCOAPODS: 1.5.3
