PODS:
  - OPGFeedbackSDKLite (0.1.2)

DEPENDENCIES:
  - OPGFeedbackSDKLite (from `../`)

EXTERNAL SOURCES:
  OPGFeedbackSDKLite:
    :path: "../"

SPEC CHECKSUMS:
  OPGFeedbackSDKLite: 00812744ffe6e34736d4172db8fd1ab001732ece

PODFILE CHECKSUM: 0b30df25eb5eb593e790d8809d30b26f363226b2

COCOAPODS: 1.5.0
